
Microsoft Visual Studio Solution File, Format Version 12.00
# Visual Studio Version 16
VisualStudioVersion = 16.0.29613.14
MinimumVisualStudioVersion = 10.0.40219.1
Project("{9A19103F-16F7-4668-BE54-9A1E7A4F7556}") = "ExcelToProto.Lib", "ExcelToProto.Lib\ExcelToProto.Lib.csproj", "{33EECEA4-6036-40E7-94DC-956A75696F33}"
EndProject
Project("{FAE04EC0-301F-11D3-BF4B-00C04F79EFBC}") = "ExcelToProto.App", "ExcelToProto.App\ExcelToProto.App.csproj", "{112426C0-BAC7-4399-973B-F8A036086FD0}"
EndProject
Global
	GlobalSection(SolutionConfigurationPlatforms) = preSolution
		Debug|Any CPU = Debug|Any CPU
		Release|Any CPU = Release|Any CPU
	EndGlobalSection
	GlobalSection(ProjectConfigurationPlatforms) = postSolution
		{33EECEA4-6036-40E7-94DC-956A75696F33}.Debug|Any CPU.ActiveCfg = Debug|Any CPU
		{33EECEA4-6036-40E7-94DC-956A75696F33}.Debug|Any CPU.Build.0 = Debug|Any CPU
		{33EECEA4-6036-40E7-94DC-956A75696F33}.Release|Any CPU.ActiveCfg = Release|Any CPU
		{33EECEA4-6036-40E7-94DC-956A75696F33}.Release|Any CPU.Build.0 = Release|Any CPU
		{112426C0-BAC7-4399-973B-F8A036086FD0}.Debug|Any CPU.ActiveCfg = Debug|Any CPU
		{112426C0-BAC7-4399-973B-F8A036086FD0}.Debug|Any CPU.Build.0 = Debug|Any CPU
		{112426C0-BAC7-4399-973B-F8A036086FD0}.Release|Any CPU.ActiveCfg = Release|Any CPU
		{112426C0-BAC7-4399-973B-F8A036086FD0}.Release|Any CPU.Build.0 = Release|Any CPU
	EndGlobalSection
	GlobalSection(SolutionProperties) = preSolution
		HideSolutionNode = FALSE
	EndGlobalSection
	GlobalSection(ExtensibilityGlobals) = postSolution
		SolutionGuid = {933D48B5-61FA-4E53-8C58-D48632F885CD}
	EndGlobalSection
EndGlobal
